
Microsoft Visual Studio Solution File, Format Version 12.00
# Visual Studio Version 16
VisualStudioVersion = 16.0.30413.136
MinimumVisualStudioVersion = 10.0.40219.1
Project("{FAE04EC0-301F-11D3-BF4B-00C04F79EFBC}") = "Hashing", "Hashing.csproj", "{1A6D284F-2B86-433B-86D4-AFA092F812F3}"
EndProject
Global
	GlobalSection(SolutionConfigurationPlatforms) = preSolution
		Debug|Any CPU = Debug|Any CPU
		Release|Any CPU = Release|Any CPU
	EndGlobalSection
	GlobalSection(ProjectConfigurationPlatforms) = postSolution
		{1A6D284F-2B86-433B-86D4-AFA092F812F3}.Debug|Any CPU.ActiveCfg = Debug|Any CPU
		{1A6D284F-2B86-433B-86D4-AFA092F812F3}.Debug|Any CPU.Build.0 = Debug|Any CPU
		{1A6D284F-2B86-433B-86D4-AFA092F812F3}.Release|Any CPU.ActiveCfg = Release|Any CPU
		{1A6D284F-2B86-433B-86D4-AFA092F812F3}.Release|Any CPU.Build.0 = Release|Any CPU
	EndGlobalSection
	GlobalSection(SolutionProperties) = preSolution
		HideSolutionNode = FALSE
	EndGlobalSection
	GlobalSection(ExtensibilityGlobals) = postSolution
		SolutionGuid = {3D8020B0-CA71-4939-B62C-34929F7E47B0}
	EndGlobalSection
EndGlobal
